
Microsoft Visual Studio Solution File, Format Version 12.00
# Visual Studio Version 17
VisualStudioVersion = 17.10.35013.160
MinimumVisualStudioVersion = 10.0.40219.1
Project("{FAE04EC0-301F-11D3-BF4B-00C04F79EFBC}") = "webapplicationday8", "webapplicationday8.csproj", "{AA7B1E49-6613-4CD1-A2E0-A4F532E7A8D8}"
EndProject
Global
	GlobalSection(SolutionConfigurationPlatforms) = preSolution
		Debug|Any CPU = Debug|Any CPU
		Release|Any CPU = Release|Any CPU
	EndGlobalSection
	GlobalSection(ProjectConfigurationPlatforms) = postSolution
		{AA7B1E49-6613-4CD1-A2E0-A4F532E7A8D8}.Debug|Any CPU.ActiveCfg = Debug|Any CPU
		{AA7B1E49-6613-4CD1-A2E0-A4F532E7A8D8}.Debug|Any CPU.Build.0 = Debug|Any CPU
		{AA7B1E49-6613-4CD1-A2E0-A4F532E7A8D8}.Release|Any CPU.ActiveCfg = Release|Any CPU
		{AA7B1E49-6613-4CD1-A2E0-A4F532E7A8D8}.Release|Any CPU.Build.0 = Release|Any CPU
	EndGlobalSection
	GlobalSection(SolutionProperties) = preSolution
		HideSolutionNode = FALSE
	EndGlobalSection
	GlobalSection(ExtensibilityGlobals) = postSolution
		SolutionGuid = {91E1987E-3EC8-4960-9251-E15D4C32DD0D}
	EndGlobalSection
EndGlobal
